
Microsoft Visual Studio Solution File, Format Version 12.00
# Visual Studio Version 17
VisualStudioVersion = 17.5.33516.290
MinimumVisualStudioVersion = 10.0.40219.1
Project("{FAE04EC0-301F-11D3-BF4B-00C04F79EFBC}") = "Khamitova4432", "Khamitova4432\Khamitova4432.csproj", "{5B8B7D05-9967-42F2-83D1-707E7BD7FC5A}"
EndProject
Global
	GlobalSection(SolutionConfigurationPlatforms) = preSolution
		Debug|Any CPU = Debug|Any CPU
		Release|Any CPU = Release|Any CPU
	EndGlobalSection
	GlobalSection(ProjectConfigurationPlatforms) = postSolution
		{5B8B7D05-9967-42F2-83D1-707E7BD7FC5A}.Debug|Any CPU.ActiveCfg = Debug|Any CPU
		{5B8B7D05-9967-42F2-83D1-707E7BD7FC5A}.Debug|Any CPU.Build.0 = Debug|Any CPU
		{5B8B7D05-9967-42F2-83D1-707E7BD7FC5A}.Release|Any CPU.ActiveCfg = Release|Any CPU
		{5B8B7D05-9967-42F2-83D1-707E7BD7FC5A}.Release|Any CPU.Build.0 = Release|Any CPU
	EndGlobalSection
	GlobalSection(SolutionProperties) = preSolution
		HideSolutionNode = FALSE
	EndGlobalSection
	GlobalSection(ExtensibilityGlobals) = postSolution
		SolutionGuid = {C4FBA365-EE16-4848-B7FE-F1272A37E9F0}
	EndGlobalSection
EndGlobal
